{
  "nodes": {
    "agenix": {
      "inputs": {
        "darwin": [
          "darwin"
        ],
        "home-manager": [
          "home-manager"
        ],
        "nixpkgs": [
          "nixpkgs"
        ],
        "systems": "systems"
      },
      "locked": {
        "lastModified": 1723293904,
        "narHash": "sha256-b+uqzj+Wa6xgMS9aNbX4I+sXeb5biPDi39VgvSFqFvU=",
        "owner": "ryantm",
        "repo": "agenix",
        "rev": "f6291c5935fdc4e0bef208cfc0dcab7e3f7a1c41",
        "type": "github"
      },
      "original": {
        "owner": "ryantm",
        "ref": "main",
        "repo": "agenix",
        "type": "github"
      }
    },
    "darwin": {
      "inputs": {
        "nixpkgs": [
          "nixpkgs"
        ]
      },
      "locked": {
        "lastModified": 1735685839,
        "narHash": "sha256-62xAPSs5VRZoPH7eRanUn5S5vZEd+8vM4bD5I+zxokc=",
        "owner": "lnl7",
        "repo": "nix-darwin",
        "rev": "6a1fdb2a1204c0de038847b601cff5012e162b5e",
        "type": "github"
      },
      "original": {
        "owner": "lnl7",
        "ref": "master",
        "repo": "nix-darwin",
        "type": "github"
      }
    },
    "home-manager": {
      "inputs": {
        "nixpkgs": [
          "nixpkgs"
        ]
      },
      "locked": {
        "lastModified": 1757823936,
        "narHash": "sha256-1gJsmlA349NiePnfzOkuL2tpMYcoSWnErSRwDz9MWI0=",
        "owner": "thoughtfull-nix",
        "repo": "home-manager",
        "rev": "8ae13ffaa8559ca8978fc71d023d6ab50290b0ed",
        "type": "github"
      },
      "original": {
        "owner": "thoughtfull-nix",
        "ref": "release-25.05",
        "repo": "home-manager",
        "type": "github"
      }
    },
    "nixos-hardware": {
      "locked": {
        "lastModified": 1740089251,
        "narHash": "sha256-Y78mDBWoO8CLLTjQfPfII+KXFb6lAmF9GrLbyVBsIMM=",
        "owner": "NixOS",
        "repo": "nixos-hardware",
        "rev": "18e9f9753e9ae261bcc7d3abe15745686991fd30",
        "type": "github"
      },
      "original": {
        "id": "nixos-hardware",
        "type": "indirect"
      }
    },
    "nixpkgs": {
      "locked": {
        "lastModified": 1757910105,
        "narHash": "sha256-q3iv6/qN6+e4L3oLNU/RAOSuzcLIpvqL3Xcp+UzNiSI=",
        "owner": "thoughtfull-nix",
        "repo": "nixpkgs",
        "rev": "753611ddc362b9022d2c6b920d374a4a5d34a646",
        "type": "github"
      },
      "original": {
        "owner": "thoughtfull-nix",
        "ref": "nixos-25.05",
        "repo": "nixpkgs",
        "type": "github"
      }
    },
    "root": {
      "inputs": {
        "agenix": "agenix",
        "darwin": "darwin",
        "home-manager": "home-manager",
        "nixos-hardware": "nixos-hardware",
        "nixpkgs": "nixpkgs",
        "secrets": "secrets",
        "thoughtfull": "thoughtfull",
        "unstable": "unstable"
      }
    },
    "secrets": {
      "inputs": {
        "agenix": [
          "agenix"
        ],
        "darwin": [
          "darwin"
        ],
        "home-manager": [
          "home-manager"
        ],
        "nixpkgs": [
          "nixpkgs"
        ]
      },
      "locked": {
        "lastModified": 1758054049,
        "narHash": "sha256-kzihnFwraIeJUQv48Dsy14tO+0LoFqY/RnMCqnm4D7A=",
        "ref": "refs/heads/main",
        "rev": "1289da39cc036b11fe13538d4c701b3b122e011c",
        "revCount": 33,
        "type": "git",
        "url": "ssh://git@nixos-secrets.github.com/thoughtfull-systems/nixos-secrets"
      },
      "original": {
        "type": "git",
        "url": "ssh://git@nixos-secrets.github.com/thoughtfull-systems/nixos-secrets"
      }
    },
    "systems": {
      "locked": {
        "lastModified": 1681028828,
        "narHash": "sha256-Vy1rq5AaRuLzOxct8nz4T6wlgyUR7zLU309k9mBC768=",
        "owner": "nix-systems",
        "repo": "default",
        "rev": "da67096a3b9bf56a91d16901293e51ba5b49a27e",
        "type": "github"
      },
      "original": {
        "owner": "nix-systems",
        "repo": "default",
        "type": "github"
      }
    },
    "thoughtfull": {
      "inputs": {
        "home-manager": [
          "home-manager"
        ],
        "nixpkgs": [
          "nixpkgs"
        ],
        "unstable": [
          "unstable"
        ]
      },
      "locked": {
        "lastModified": 1757722166,
        "narHash": "sha256-f0pRqe3xSY9HYW2+25T8vsAwU894NhrEON6wH0INGDM=",
        "owner": "thoughtfull-systems",
        "repo": "nixfiles",
        "rev": "8e1dd7f756d9e66fb25f34c43a398ae782d45118",
        "type": "github"
      },
      "original": {
        "owner": "thoughtfull-systems",
        "ref": "nixos-25.05",
        "repo": "nixfiles",
        "type": "github"
      }
    },
    "unstable": {
      "locked": {
        "lastModified": 1755318228,
        "narHash": "sha256-lIJu7oH/F8mBnmp14dNwjn2JbQ8aSL/wyTVcJPja/us=",
        "owner": "thoughtfull-nix",
        "repo": "nixpkgs",
        "rev": "7f958801e8e5e89f147db3a9d28a8cce89430caa",
        "type": "github"
      },
      "original": {
        "owner": "thoughtfull-nix",
        "ref": "nixos-unstable",
        "repo": "nixpkgs",
        "type": "github"
      }
    }
  },
  "root": "root",
  "version": 7
}
