{
  "nodes": {
    "agenix": {
      "inputs": {
        "darwin": [
          "darwin"
        ],
        "home-manager": [
          "home-manager"
        ],
        "nixpkgs": [
          "nixpkgs"
        ],
        "systems": "systems"
      },
      "locked": {
        "lastModified": 1723293904,
        "narHash": "sha256-b+uqzj+Wa6xgMS9aNbX4I+sXeb5biPDi39VgvSFqFvU=",
        "owner": "ryantm",
        "repo": "agenix",
        "rev": "f6291c5935fdc4e0bef208cfc0dcab7e3f7a1c41",
        "type": "github"
      },
      "original": {
        "owner": "ryantm",
        "ref": "main",
        "repo": "agenix",
        "type": "github"
      }
    },
    "darwin": {
      "inputs": {
        "nixpkgs": [
          "nixpkgs"
        ]
      },
      "locked": {
        "lastModified": 1735685839,
        "narHash": "sha256-62xAPSs5VRZoPH7eRanUn5S5vZEd+8vM4bD5I+zxokc=",
        "owner": "lnl7",
        "repo": "nix-darwin",
        "rev": "6a1fdb2a1204c0de038847b601cff5012e162b5e",
        "type": "github"
      },
      "original": {
        "owner": "lnl7",
        "ref": "master",
        "repo": "nix-darwin",
        "type": "github"
      }
    },
    "home-manager": {
      "inputs": {
        "nixpkgs": [
          "nixpkgs"
        ]
      },
      "locked": {
        "lastModified": 1735350001,
        "narHash": "sha256-V/d0BtVgiQwakqygdYF0CZjmWLWuu5Lt+NRohDId5/w=",
        "owner": "thoughtfull-systems",
        "repo": "home-manager",
        "rev": "6732bef96909c57cf473887dc4f02c949bdb66cf",
        "type": "github"
      },
      "original": {
        "owner": "thoughtfull-systems",
        "ref": "release-24.11",
        "repo": "home-manager",
        "type": "github"
      }
    },
    "nixos-hardware": {
      "locked": {
        "lastModified": 1735388221,
        "narHash": "sha256-e5IOgjQf0SZcFCEV/gMGrsI0gCJyqOKShBQU0iiM3Kg=",
        "owner": "NixOS",
        "repo": "nixos-hardware",
        "rev": "7c674c6734f61157e321db595dbfcd8523e04e19",
        "type": "github"
      },
      "original": {
        "id": "nixos-hardware",
        "type": "indirect"
      }
    },
    "nixpkgs": {
      "locked": {
        "lastModified": 1736126263,
        "narHash": "sha256-q2FmYl+TNkTEsA5xJIpBlRHWki6BTeF09lihM/wjkUE=",
        "owner": "thoughtfull-systems",
        "repo": "nixpkgs",
        "rev": "e29fa2e52b5a792dcd0dfe8264f30c546e9b8a57",
        "type": "github"
      },
      "original": {
        "owner": "thoughtfull-systems",
        "ref": "nixos-24.11",
        "repo": "nixpkgs",
        "type": "github"
      }
    },
    "root": {
      "inputs": {
        "agenix": "agenix",
        "darwin": "darwin",
        "home-manager": "home-manager",
        "nixos-hardware": "nixos-hardware",
        "nixpkgs": "nixpkgs",
        "secrets": "secrets",
        "thoughtfull": "thoughtfull",
        "unstable": "unstable"
      }
    },
    "secrets": {
      "inputs": {
        "agenix": [
          "agenix"
        ],
        "darwin": [
          "darwin"
        ],
        "home-manager": [
          "home-manager"
        ],
        "nixpkgs": [
          "nixpkgs"
        ]
      },
      "locked": {
        "lastModified": 1736267746,
        "narHash": "sha256-elFPJBmMZrSByKyAeGk/H7rcxscG8lBexM1bZi1oylY=",
        "ref": "refs/heads/main",
        "rev": "685c32c8950db3118113fbbae6db187665a3299f",
        "revCount": 13,
        "type": "git",
        "url": "ssh://git@github.com/thoughtfull-systems/nixos-secrets"
      },
      "original": {
        "type": "git",
        "url": "ssh://git@github.com/thoughtfull-systems/nixos-secrets"
      }
    },
    "systems": {
      "locked": {
        "lastModified": 1681028828,
        "narHash": "sha256-Vy1rq5AaRuLzOxct8nz4T6wlgyUR7zLU309k9mBC768=",
        "owner": "nix-systems",
        "repo": "default",
        "rev": "da67096a3b9bf56a91d16901293e51ba5b49a27e",
        "type": "github"
      },
      "original": {
        "owner": "nix-systems",
        "repo": "default",
        "type": "github"
      }
    },
    "thoughtfull": {
      "inputs": {
        "home-manager": [
          "home-manager"
        ],
        "nixpkgs": [
          "nixpkgs"
        ],
        "unstable": [
          "unstable"
        ]
      },
      "locked": {
        "lastModified": 1736077942,
        "narHash": "sha256-gUER9rQ5VBDAKsd2QUIp/UQN8ITFO7th4GZJL2z7QDc=",
        "owner": "thoughtfull-systems",
        "repo": "nixfiles",
        "rev": "b9e54100307aa4c40a6056728d61865a6716b5f9",
        "type": "github"
      },
      "original": {
        "owner": "thoughtfull-systems",
        "ref": "nixos-24.11",
        "repo": "nixfiles",
        "type": "github"
      }
    },
    "unstable": {
      "locked": {
        "lastModified": 1735779735,
        "narHash": "sha256-lLnOQIGcGwR4NJaxSpdc+ItB6z4vvPvSHPoBvW1Whas=",
        "owner": "thoughtfull-systems",
        "repo": "nixpkgs",
        "rev": "7ed3c048acec7799377b55993d067950b97e6cc9",
        "type": "github"
      },
      "original": {
        "owner": "thoughtfull-systems",
        "ref": "nixpkgs-unstable",
        "repo": "nixpkgs",
        "type": "github"
      }
    }
  },
  "root": "root",
  "version": 7
}
