{
  "nodes": {
    "agenix": {
      "inputs": {
        "darwin": [
          "darwin"
        ],
        "home-manager": [
          "home-manager"
        ],
        "nixpkgs": [
          "nixpkgs"
        ],
        "systems": "systems"
      },
      "locked": {
        "lastModified": 1723293904,
        "narHash": "sha256-b+uqzj+Wa6xgMS9aNbX4I+sXeb5biPDi39VgvSFqFvU=",
        "owner": "ryantm",
        "repo": "agenix",
        "rev": "f6291c5935fdc4e0bef208cfc0dcab7e3f7a1c41",
        "type": "github"
      },
      "original": {
        "owner": "ryantm",
        "ref": "main",
        "repo": "agenix",
        "type": "github"
      }
    },
    "darwin": {
      "inputs": {
        "nixpkgs": [
          "nixpkgs"
        ]
      },
      "locked": {
        "lastModified": 1735685839,
        "narHash": "sha256-62xAPSs5VRZoPH7eRanUn5S5vZEd+8vM4bD5I+zxokc=",
        "owner": "lnl7",
        "repo": "nix-darwin",
        "rev": "6a1fdb2a1204c0de038847b601cff5012e162b5e",
        "type": "github"
      },
      "original": {
        "owner": "lnl7",
        "ref": "master",
        "repo": "nix-darwin",
        "type": "github"
      }
    },
    "home-manager": {
      "inputs": {
        "nixpkgs": [
          "nixpkgs"
        ]
      },
      "locked": {
        "lastModified": 1756701155,
        "narHash": "sha256-gdTs+xueV7ByRtp+5FYMiIEIlCHe+xDvzr5KQGHhy8U=",
        "owner": "thoughtfull-nix",
        "repo": "home-manager",
        "rev": "9c2e8ef2f609a332763d4cf5bc4a854f7c9d1dc6",
        "type": "github"
      },
      "original": {
        "owner": "thoughtfull-nix",
        "ref": "release-25.05",
        "repo": "home-manager",
        "type": "github"
      }
    },
    "nixos-hardware": {
      "locked": {
        "lastModified": 1740089251,
        "narHash": "sha256-Y78mDBWoO8CLLTjQfPfII+KXFb6lAmF9GrLbyVBsIMM=",
        "owner": "NixOS",
        "repo": "nixos-hardware",
        "rev": "18e9f9753e9ae261bcc7d3abe15745686991fd30",
        "type": "github"
      },
      "original": {
        "id": "nixos-hardware",
        "type": "indirect"
      }
    },
    "nixpkgs": {
      "locked": {
        "lastModified": 1756700985,
        "narHash": "sha256-IqHCosaha4cVYib+zOdF9hYWvlq5CW2mUlMucw4n0UA=",
        "owner": "thoughtfull-nix",
        "repo": "nixpkgs",
        "rev": "8843a70b7d1e444cccc0b20ec4d8795839c4c2e3",
        "type": "github"
      },
      "original": {
        "owner": "thoughtfull-nix",
        "ref": "nixos-25.05",
        "repo": "nixpkgs",
        "type": "github"
      }
    },
    "root": {
      "inputs": {
        "agenix": "agenix",
        "darwin": "darwin",
        "home-manager": "home-manager",
        "nixos-hardware": "nixos-hardware",
        "nixpkgs": "nixpkgs",
        "secrets": "secrets",
        "thoughtfull": "thoughtfull",
        "unstable": "unstable"
      }
    },
    "secrets": {
      "inputs": {
        "agenix": [
          "agenix"
        ],
        "darwin": [
          "darwin"
        ],
        "home-manager": [
          "home-manager"
        ],
        "nixpkgs": [
          "nixpkgs"
        ]
      },
      "locked": {
        "lastModified": 1756573016,
        "narHash": "sha256-UgHiGhyNgIRpEy9lgirRho1FN7cDrdKDHJT64YE25CA=",
        "ref": "refs/heads/main",
        "rev": "f20c85f15c4269d56f105e4b40ea12cda36dedff",
        "revCount": 32,
        "type": "git",
        "url": "ssh://git@nixos-secrets.github.com/thoughtfull-systems/nixos-secrets"
      },
      "original": {
        "type": "git",
        "url": "ssh://git@nixos-secrets.github.com/thoughtfull-systems/nixos-secrets"
      }
    },
    "systems": {
      "locked": {
        "lastModified": 1681028828,
        "narHash": "sha256-Vy1rq5AaRuLzOxct8nz4T6wlgyUR7zLU309k9mBC768=",
        "owner": "nix-systems",
        "repo": "default",
        "rev": "da67096a3b9bf56a91d16901293e51ba5b49a27e",
        "type": "github"
      },
      "original": {
        "owner": "nix-systems",
        "repo": "default",
        "type": "github"
      }
    },
    "thoughtfull": {
      "inputs": {
        "home-manager": [
          "home-manager"
        ],
        "nixpkgs": [
          "nixpkgs"
        ],
        "unstable": [
          "unstable"
        ]
      },
      "locked": {
        "lastModified": 1756737674,
        "narHash": "sha256-bvDf3JEPc0fv4CklYJfV7je/f3L19y/TxPlUM9V6pcI=",
        "owner": "thoughtfull-systems",
        "repo": "nixfiles",
        "rev": "b76dc9da5f1e447999e31dfc008d7a4002ac6b1a",
        "type": "github"
      },
      "original": {
        "owner": "thoughtfull-systems",
        "ref": "nixos-25.05",
        "repo": "nixfiles",
        "type": "github"
      }
    },
    "unstable": {
      "locked": {
        "lastModified": 1755318228,
        "narHash": "sha256-lIJu7oH/F8mBnmp14dNwjn2JbQ8aSL/wyTVcJPja/us=",
        "owner": "thoughtfull-nix",
        "repo": "nixpkgs",
        "rev": "7f958801e8e5e89f147db3a9d28a8cce89430caa",
        "type": "github"
      },
      "original": {
        "owner": "thoughtfull-nix",
        "ref": "nixos-unstable",
        "repo": "nixpkgs",
        "type": "github"
      }
    }
  },
  "root": "root",
  "version": 7
}
